<?xml version="1.0" encoding="UTF-8" standalone="yes" ?>
<CodeBlocks_project_file>
	<FileVersion major="1" minor="6" />
	<Project>
		<Option title="KKnight" />
		<Option pch_mode="2" />
		<Option compiler="gcc" />
		<Build>
			<Target title="Debug">
				<Option output="bin/Debug/KKnight" prefix_auto="1" extension_auto="1" />
				<Option object_output="obj/Debug/" />
				<Option type="1" />
				<Option compiler="gcc" />
				<Compiler>
					<Add option="-g" />
				</Compiler>
			</Target>
			<Target title="Release">
				<Option output="bin/Release/KKnight" prefix_auto="1" extension_auto="1" />
				<Option object_output="obj/Release/" />
				<Option type="1" />
				<Option compiler="gcc" />
				<Compiler>
					<Add option="-O2" />
				</Compiler>
				<Linker>
					<Add option="-s" />
				</Linker>
			</Target>
		</Build>
		<Compiler>
			<Add option="-Wall" />
			<Add option="-fexceptions" />
		</Compiler>
		<Unit filename="Header.h" />
		<Unit filename="Hero.cpp" />
		<Unit filename="Hero.h" />
		<Unit filename="ImpTimer.cpp" />
		<Unit filename="ImpTimer.h" />
		<Unit filename="ThreatsObject.cpp" />
		<Unit filename="ThreatsObject.h" />
		<Unit filename="danBan.cpp" />
		<Unit filename="danBan.h" />
		<Unit filename="gameMap.cpp" />
		<Unit filename="gameMap.h" />
		<Unit filename="main.cpp" />
		<Unit filename="renderWindow.cpp" />
		<Unit filename="renderWindow.h" />
		<Extensions>
			<lib_finder disable_auto="1" />
		</Extensions>
	</Project>
</CodeBlocks_project_file>
